
Microsoft Visual Studio Solution File, Format Version 12.00
# Visual Studio Version 16
VisualStudioVersion = 16.0.29215.179
MinimumVisualStudioVersion = 10.0.40219.1
Project("{9A19103F-16F7-4668-BE54-9A1E7A4F7556}") = "AWS.Lambda.Worker", "AWS.Lambda.Worker\AWS.Lambda.Worker.csproj", "{7EEC6A2F-6862-4AC5-A5D7-13B4D5F49D44}"
EndProject
Project("{9A19103F-16F7-4668-BE54-9A1E7A4F7556}") = "AWS.Lambda.Worker.Tests", "AWS.Lambda.Worker.Tests\AWS.Lambda.Worker.Tests.csproj", "{39E730BD-7128-4412-81CF-54EBFDE95920}"
EndProject
Global
	GlobalSection(SolutionConfigurationPlatforms) = preSolution
		Debug|Any CPU = Debug|Any CPU
		Release|Any CPU = Release|Any CPU
	EndGlobalSection
	GlobalSection(ProjectConfigurationPlatforms) = postSolution
		{7EEC6A2F-6862-4AC5-A5D7-13B4D5F49D44}.Debug|Any CPU.ActiveCfg = Debug|Any CPU
		{7EEC6A2F-6862-4AC5-A5D7-13B4D5F49D44}.Debug|Any CPU.Build.0 = Debug|Any CPU
		{7EEC6A2F-6862-4AC5-A5D7-13B4D5F49D44}.Release|Any CPU.ActiveCfg = Release|Any CPU
		{7EEC6A2F-6862-4AC5-A5D7-13B4D5F49D44}.Release|Any CPU.Build.0 = Release|Any CPU
		{39E730BD-7128-4412-81CF-54EBFDE95920}.Debug|Any CPU.ActiveCfg = Debug|Any CPU
		{39E730BD-7128-4412-81CF-54EBFDE95920}.Debug|Any CPU.Build.0 = Debug|Any CPU
		{39E730BD-7128-4412-81CF-54EBFDE95920}.Release|Any CPU.ActiveCfg = Release|Any CPU
		{39E730BD-7128-4412-81CF-54EBFDE95920}.Release|Any CPU.Build.0 = Release|Any CPU
	EndGlobalSection
	GlobalSection(SolutionProperties) = preSolution
		HideSolutionNode = FALSE
	EndGlobalSection
	GlobalSection(ExtensibilityGlobals) = postSolution
		SolutionGuid = {0F555859-A976-40EE-8CC1-7C56B364807F}
	EndGlobalSection
EndGlobal
